
Microsoft Visual Studio Solution File, Format Version 12.00
# Visual Studio Version 17
VisualStudioVersion = 17.0.31903.59
MinimumVisualStudioVersion = 10.0.40219.1
Project("{FAE04EC0-301F-11D3-BF4B-00C04F79EFBC}") = "PracticeDB", "PracticeDB.csproj", "{582C69C9-8D63-4DA2-8223-B041B011CC07}"
EndProject
Global
	GlobalSection(SolutionConfigurationPlatforms) = preSolution
		Debug|Any CPU = Debug|Any CPU
		Release|Any CPU = Release|Any CPU
	EndGlobalSection
	GlobalSection(ProjectConfigurationPlatforms) = postSolution
		{582C69C9-8D63-4DA2-8223-B041B011CC07}.Debug|Any CPU.ActiveCfg = Debug|Any CPU
		{582C69C9-8D63-4DA2-8223-B041B011CC07}.Debug|Any CPU.Build.0 = Debug|Any CPU
		{582C69C9-8D63-4DA2-8223-B041B011CC07}.Release|Any CPU.ActiveCfg = Release|Any CPU
		{582C69C9-8D63-4DA2-8223-B041B011CC07}.Release|Any CPU.Build.0 = Release|Any CPU
	EndGlobalSection
	GlobalSection(SolutionProperties) = preSolution
		HideSolutionNode = FALSE
	EndGlobalSection
	GlobalSection(ExtensibilityGlobals) = postSolution
		SolutionGuid = {A84AD4CC-ECEB-49B6-B311-3A68A3F44E67}
	EndGlobalSection
EndGlobal
